
Microsoft Visual Studio Solution File, Format Version 12.00
# Visual Studio Version 17
VisualStudioVersion = 17.0.31903.59
MinimumVisualStudioVersion = 10.0.40219.1
Project("{2150E333-8FDC-42A3-9474-1A3956D46DE8}") = "01 - Teste de Unidade", "01 - Teste de Unidade", "{C9B3B712-8753-4569-8230-41D0A22F3267}"
EndProject
Project("{2150E333-8FDC-42A3-9474-1A3956D46DE8}") = "1.1 - Teste Basicos", "1.1 - Teste Basicos", "{633A6065-D629-4C9A-A0A6-C0DE66E5B02C}"
EndProject
Project("{2150E333-8FDC-42A3-9474-1A3956D46DE8}") = "1.2 - Features", "1.2 - Features", "{0B66F2D6-0EDF-4E7A-861D-4A6A78F37DEB}"
EndProject
Project("{9A19103F-16F7-4668-BE54-9A1E7A4F7556}") = "Demo", "01 - Testes de Unidade\src\Demo\Demo.csproj", "{AAB36DE1-6973-4BD4-837D-BDBA06FD9BFC}"
EndProject
Project("{9A19103F-16F7-4668-BE54-9A1E7A4F7556}") = "Demo.Tests", "01 - Testes de Unidade\tests\Demo.Tests\Demo.Tests.csproj", "{1194D96A-A36E-4446-A165-C8015278E6DC}"
EndProject
Project("{9A19103F-16F7-4668-BE54-9A1E7A4F7556}") = "Features.Tests", "01 - Testes de Unidade\tests\Features.Tests\Features.Tests.csproj", "{C193482A-AFA4-4870-8E0E-7373DA4770BB}"
EndProject
Project("{9A19103F-16F7-4668-BE54-9A1E7A4F7556}") = "Features", "01 - Testes de Unidade\src\Features\Features.csproj", "{3F1AE42A-EA14-46F5-8CD2-4AF9F10D5AB1}"
EndProject
Project("{2150E333-8FDC-42A3-9474-1A3956D46DE8}") = "2 - TDD", "2 - TDD", "{989DDC0A-3A13-4B91-AAF2-6A872D710DA7}"
EndProject
Project("{2150E333-8FDC-42A3-9474-1A3956D46DE8}") = "Tests", "Tests", "{3EB54C66-2682-407C-B6CC-8E910FDB373F}"
EndProject
Project("{9A19103F-16F7-4668-BE54-9A1E7A4F7556}") = "NerdStore.Core", "02 - TDD\src\NerdStore.Core\NerdStore.Core.csproj", "{34468784-72C2-4CB2-869B-8A866CEA700F}"
EndProject
Project("{9A19103F-16F7-4668-BE54-9A1E7A4F7556}") = "NerdStore.Vendas.Application", "02 - TDD\src\NerdStore.Vendas.Application\NerdStore.Vendas.Application.csproj", "{9528D84C-AAFA-4FE2-9B86-A7675D9A91A0}"
EndProject
Project("{9A19103F-16F7-4668-BE54-9A1E7A4F7556}") = "NerdStore.Vendas.Data", "02 - TDD\src\NerdStore.Vendas.Data\NerdStore.Vendas.Data.csproj", "{FA4E763D-5AD5-4B15-9947-E2EA3B92628F}"
EndProject
Project("{9A19103F-16F7-4668-BE54-9A1E7A4F7556}") = "NerdStore.Vendas.Domain", "02 - TDD\src\NerdStore.Vendas.Domain\NerdStore.Vendas.Domain.csproj", "{ACE7EBFC-468E-4FF5-B342-411AB7D16756}"
EndProject
Project("{9A19103F-16F7-4668-BE54-9A1E7A4F7556}") = "NerdStore.Vendas.Application.Tests", "02 - TDD\tests\NerdStore.Vendas.Application.Tests\NerdStore.Vendas.Application.Tests.csproj", "{AC6A75BA-61F2-4C42-B8F7-8F32B783639C}"
EndProject
Project("{9A19103F-16F7-4668-BE54-9A1E7A4F7556}") = "NerdStore.Vendas.Domain.Tests", "02 - TDD\tests\NerdStore.Vendas.Domain.Tests\NerdStore.Vendas.Domain.Tests.csproj", "{F5B854D7-7491-4230-BA81-BD4CEE5952EE}"
EndProject
Global
	GlobalSection(SolutionConfigurationPlatforms) = preSolution
		Debug|Any CPU = Debug|Any CPU
		Release|Any CPU = Release|Any CPU
	EndGlobalSection
	GlobalSection(ProjectConfigurationPlatforms) = postSolution
		{AAB36DE1-6973-4BD4-837D-BDBA06FD9BFC}.Debug|Any CPU.ActiveCfg = Debug|Any CPU
		{AAB36DE1-6973-4BD4-837D-BDBA06FD9BFC}.Debug|Any CPU.Build.0 = Debug|Any CPU
		{AAB36DE1-6973-4BD4-837D-BDBA06FD9BFC}.Release|Any CPU.ActiveCfg = Release|Any CPU
		{AAB36DE1-6973-4BD4-837D-BDBA06FD9BFC}.Release|Any CPU.Build.0 = Release|Any CPU
		{1194D96A-A36E-4446-A165-C8015278E6DC}.Debug|Any CPU.ActiveCfg = Debug|Any CPU
		{1194D96A-A36E-4446-A165-C8015278E6DC}.Debug|Any CPU.Build.0 = Debug|Any CPU
		{1194D96A-A36E-4446-A165-C8015278E6DC}.Release|Any CPU.ActiveCfg = Release|Any CPU
		{1194D96A-A36E-4446-A165-C8015278E6DC}.Release|Any CPU.Build.0 = Release|Any CPU
		{C193482A-AFA4-4870-8E0E-7373DA4770BB}.Debug|Any CPU.ActiveCfg = Debug|Any CPU
		{C193482A-AFA4-4870-8E0E-7373DA4770BB}.Debug|Any CPU.Build.0 = Debug|Any CPU
		{C193482A-AFA4-4870-8E0E-7373DA4770BB}.Release|Any CPU.ActiveCfg = Release|Any CPU
		{C193482A-AFA4-4870-8E0E-7373DA4770BB}.Release|Any CPU.Build.0 = Release|Any CPU
		{3F1AE42A-EA14-46F5-8CD2-4AF9F10D5AB1}.Debug|Any CPU.ActiveCfg = Debug|Any CPU
		{3F1AE42A-EA14-46F5-8CD2-4AF9F10D5AB1}.Debug|Any CPU.Build.0 = Debug|Any CPU
		{3F1AE42A-EA14-46F5-8CD2-4AF9F10D5AB1}.Release|Any CPU.ActiveCfg = Release|Any CPU
		{3F1AE42A-EA14-46F5-8CD2-4AF9F10D5AB1}.Release|Any CPU.Build.0 = Release|Any CPU
		{34468784-72C2-4CB2-869B-8A866CEA700F}.Debug|Any CPU.ActiveCfg = Debug|Any CPU
		{34468784-72C2-4CB2-869B-8A866CEA700F}.Debug|Any CPU.Build.0 = Debug|Any CPU
		{34468784-72C2-4CB2-869B-8A866CEA700F}.Release|Any CPU.ActiveCfg = Release|Any CPU
		{34468784-72C2-4CB2-869B-8A866CEA700F}.Release|Any CPU.Build.0 = Release|Any CPU
		{9528D84C-AAFA-4FE2-9B86-A7675D9A91A0}.Debug|Any CPU.ActiveCfg = Debug|Any CPU
		{9528D84C-AAFA-4FE2-9B86-A7675D9A91A0}.Debug|Any CPU.Build.0 = Debug|Any CPU
		{9528D84C-AAFA-4FE2-9B86-A7675D9A91A0}.Release|Any CPU.ActiveCfg = Release|Any CPU
		{9528D84C-AAFA-4FE2-9B86-A7675D9A91A0}.Release|Any CPU.Build.0 = Release|Any CPU
		{FA4E763D-5AD5-4B15-9947-E2EA3B92628F}.Debug|Any CPU.ActiveCfg = Debug|Any CPU
		{FA4E763D-5AD5-4B15-9947-E2EA3B92628F}.Debug|Any CPU.Build.0 = Debug|Any CPU
		{FA4E763D-5AD5-4B15-9947-E2EA3B92628F}.Release|Any CPU.ActiveCfg = Release|Any CPU
		{FA4E763D-5AD5-4B15-9947-E2EA3B92628F}.Release|Any CPU.Build.0 = Release|Any CPU
		{ACE7EBFC-468E-4FF5-B342-411AB7D16756}.Debug|Any CPU.ActiveCfg = Debug|Any CPU
		{ACE7EBFC-468E-4FF5-B342-411AB7D16756}.Debug|Any CPU.Build.0 = Debug|Any CPU
		{ACE7EBFC-468E-4FF5-B342-411AB7D16756}.Release|Any CPU.ActiveCfg = Release|Any CPU
		{ACE7EBFC-468E-4FF5-B342-411AB7D16756}.Release|Any CPU.Build.0 = Release|Any CPU
		{AC6A75BA-61F2-4C42-B8F7-8F32B783639C}.Debug|Any CPU.ActiveCfg = Debug|Any CPU
		{AC6A75BA-61F2-4C42-B8F7-8F32B783639C}.Debug|Any CPU.Build.0 = Debug|Any CPU
		{AC6A75BA-61F2-4C42-B8F7-8F32B783639C}.Release|Any CPU.ActiveCfg = Release|Any CPU
		{AC6A75BA-61F2-4C42-B8F7-8F32B783639C}.Release|Any CPU.Build.0 = Release|Any CPU
		{F5B854D7-7491-4230-BA81-BD4CEE5952EE}.Debug|Any CPU.ActiveCfg = Debug|Any CPU
		{F5B854D7-7491-4230-BA81-BD4CEE5952EE}.Debug|Any CPU.Build.0 = Debug|Any CPU
		{F5B854D7-7491-4230-BA81-BD4CEE5952EE}.Release|Any CPU.ActiveCfg = Release|Any CPU
		{F5B854D7-7491-4230-BA81-BD4CEE5952EE}.Release|Any CPU.Build.0 = Release|Any CPU
	EndGlobalSection
	GlobalSection(SolutionProperties) = preSolution
		HideSolutionNode = FALSE
	EndGlobalSection
	GlobalSection(NestedProjects) = preSolution
		{633A6065-D629-4C9A-A0A6-C0DE66E5B02C} = {C9B3B712-8753-4569-8230-41D0A22F3267}
		{0B66F2D6-0EDF-4E7A-861D-4A6A78F37DEB} = {C9B3B712-8753-4569-8230-41D0A22F3267}
		{AAB36DE1-6973-4BD4-837D-BDBA06FD9BFC} = {633A6065-D629-4C9A-A0A6-C0DE66E5B02C}
		{1194D96A-A36E-4446-A165-C8015278E6DC} = {633A6065-D629-4C9A-A0A6-C0DE66E5B02C}
		{C193482A-AFA4-4870-8E0E-7373DA4770BB} = {0B66F2D6-0EDF-4E7A-861D-4A6A78F37DEB}
		{3F1AE42A-EA14-46F5-8CD2-4AF9F10D5AB1} = {0B66F2D6-0EDF-4E7A-861D-4A6A78F37DEB}
		{3EB54C66-2682-407C-B6CC-8E910FDB373F} = {989DDC0A-3A13-4B91-AAF2-6A872D710DA7}
		{34468784-72C2-4CB2-869B-8A866CEA700F} = {989DDC0A-3A13-4B91-AAF2-6A872D710DA7}
		{9528D84C-AAFA-4FE2-9B86-A7675D9A91A0} = {989DDC0A-3A13-4B91-AAF2-6A872D710DA7}
		{FA4E763D-5AD5-4B15-9947-E2EA3B92628F} = {989DDC0A-3A13-4B91-AAF2-6A872D710DA7}
		{ACE7EBFC-468E-4FF5-B342-411AB7D16756} = {989DDC0A-3A13-4B91-AAF2-6A872D710DA7}
		{AC6A75BA-61F2-4C42-B8F7-8F32B783639C} = {3EB54C66-2682-407C-B6CC-8E910FDB373F}
		{F5B854D7-7491-4230-BA81-BD4CEE5952EE} = {3EB54C66-2682-407C-B6CC-8E910FDB373F}
	EndGlobalSection
	GlobalSection(ExtensibilityGlobals) = postSolution
		SolutionGuid = {E00CFBD7-B65E-4DA8-9EFF-81368FAB1FB6}
	EndGlobalSection
EndGlobal
